{
  "name": "logzio-search-export",
  "version": "0.1.0",
  "lockfileVersion": 1,
  "requires": true,
  "dependencies": {
    "ansi-regex": {
      "version": "5.0.0",
      "resolved": "https://artifactory.ops.babylontech.co.uk/artifactory/api/npm/babylon-virtual-npm/ansi-regex/-/ansi-regex-5.0.0.tgz",
      "integrity": "sha1-OIU59VF5vzkznIGvMKZU1p+Hy3U="
    },
    "argparse": {
      "version": "1.0.10",
      "resolved": "https://artifactory.ops.babylontech.co.uk/artifactory/api/npm/babylon-virtual-npm/argparse/-/argparse-1.0.10.tgz",
      "integrity": "sha1-vNZ5HqWuCXJeF+WtmIE0zUCz2RE=",
      "requires": {
        "sprintf-js": "~1.0.2"
      }
    },
    "axios": {
      "version": "0.19.2",
      "resolved": "https://artifactory.ops.babylontech.co.uk/artifactory/api/npm/babylon-virtual-npm/axios/-/axios-0.19.2.tgz",
      "integrity": "sha1-PqNsXYgY0NX4qKl6bTa4bNwAyyc=",
      "requires": {
        "follow-redirects": "1.5.10"
      }
    },
    "cli-progress": {
      "version": "3.7.0",
      "resolved": "https://artifactory.ops.babylontech.co.uk/artifactory/api/npm/babylon-virtual-npm/cli-progress/-/cli-progress-3.7.0.tgz",
      "integrity": "sha1-iYOmeraSqthZhRG52eOzXi3q1D4=",
      "requires": {
        "colors": "^1.1.2",
        "string-width": "^4.2.0"
      }
    },
    "colors": {
      "version": "1.4.0",
      "resolved": "https://artifactory.ops.babylontech.co.uk/artifactory/api/npm/babylon-virtual-npm/colors/-/colors-1.4.0.tgz",
      "integrity": "sha1-xQSRR51MG9rtLJztMs98fcI2D3g="
    },
    "commander": {
      "version": "5.0.0",
      "resolved": "https://artifactory.ops.babylontech.co.uk/artifactory/api/npm/babylon-virtual-npm/commander/-/commander-5.0.0.tgz",
      "integrity": "sha1-2/GQm0nlBE+P2vCtyAnwwHIr39A="
    },
    "core-util-is": {
      "version": "1.0.2",
      "resolved": "https://artifactory.ops.babylontech.co.uk/artifactory/api/npm/babylon-virtual-npm/core-util-is/-/core-util-is-1.0.2.tgz",
      "integrity": "sha1-tf1UIgqivFq1eqtxQMlAdUUDwac="
    },
    "csv-write-stream": {
      "version": "2.0.0",
      "resolved": "https://artifactory.ops.babylontech.co.uk/artifactory/api/npm/babylon-virtual-npm/csv-write-stream/-/csv-write-stream-2.0.0.tgz",
      "integrity": "sha1-/C2iGkjW6l+MF/3jnPuRHk8CkrA=",
      "requires": {
        "argparse": "^1.0.7",
        "generate-object-property": "^1.0.0",
        "ndjson": "^1.3.0"
      }
    },
    "debug": {
      "version": "3.1.0",
      "resolved": "https://artifactory.ops.babylontech.co.uk/artifactory/api/npm/babylon-virtual-npm/debug/-/debug-3.1.0.tgz",
      "integrity": "sha1-W7WgZyYotkFJVmuhaBnmFRjGcmE=",
      "requires": {
        "ms": "2.0.0"
      }
    },
    "emoji-regex": {
      "version": "8.0.0",
      "resolved": "https://artifactory.ops.babylontech.co.uk/artifactory/api/npm/babylon-virtual-npm/emoji-regex/-/emoji-regex-8.0.0.tgz",
      "integrity": "sha1-6Bj9ac5cz8tARZT4QpY79TFkzDc="
    },
    "exit-hook": {
      "version": "2.2.0",
      "resolved": "https://artifactory.ops.babylontech.co.uk/artifactory/api/npm/babylon-virtual-npm/exit-hook/-/exit-hook-2.2.0.tgz",
      "integrity": "sha1-9VAvkheQGOhn8tjuRCg5LafziU4="
    },
    "follow-redirects": {
      "version": "1.5.10",
      "resolved": "https://artifactory.ops.babylontech.co.uk/artifactory/api/npm/babylon-virtual-npm/follow-redirects/-/follow-redirects-1.5.10.tgz",
      "integrity": "sha1-e3qfmuov3/NnhqlP9kPtB/T/Xio=",
      "requires": {
        "debug": "=3.1.0"
      }
    },
    "generate-object-property": {
      "version": "1.2.0",
      "resolved": "https://artifactory.ops.babylontech.co.uk/artifactory/api/npm/babylon-virtual-npm/generate-object-property/-/generate-object-property-1.2.0.tgz",
      "integrity": "sha1-nA4cQDCM6AT0eDYYuTf6iPmdUNA=",
      "requires": {
        "is-property": "^1.0.0"
      }
    },
    "get-stdin": {
      "version": "7.0.0",
      "resolved": "https://artifactory.ops.babylontech.co.uk/artifactory/api/npm/babylon-virtual-npm/get-stdin/-/get-stdin-7.0.0.tgz",
      "integrity": "sha1-jV3pjxUXGhJcXlFmQ8em0OqKlvY="
    },
    "inherits": {
      "version": "2.0.4",
      "resolved": "https://artifactory.ops.babylontech.co.uk/artifactory/api/npm/babylon-virtual-npm/inherits/-/inherits-2.0.4.tgz",
      "integrity": "sha1-D6LGT5MpF8NDOg3tVTY6rjdBa3w="
    },
    "is-fullwidth-code-point": {
      "version": "3.0.0",
      "resolved": "https://artifactory.ops.babylontech.co.uk/artifactory/api/npm/babylon-virtual-npm/is-fullwidth-code-point/-/is-fullwidth-code-point-3.0.0.tgz",
      "integrity": "sha1-8Rb4Bk/pCz94RKOJl8C3UFEmnx0="
    },
    "is-property": {
      "version": "1.0.2",
      "resolved": "https://artifactory.ops.babylontech.co.uk/artifactory/api/npm/babylon-virtual-npm/is-property/-/is-property-1.0.2.tgz",
      "integrity": "sha1-V/4cTkhHTt1lsJkR8msc1Ald2oQ="
    },
    "isarray": {
      "version": "1.0.0",
      "resolved": "https://artifactory.ops.babylontech.co.uk/artifactory/api/npm/babylon-virtual-npm/isarray/-/isarray-1.0.0.tgz",
      "integrity": "sha1-u5NdSFgsuhaMBoNJV6VKPgcSTxE="
    },
    "json-stringify-safe": {
      "version": "5.0.1",
      "resolved": "https://artifactory.ops.babylontech.co.uk/artifactory/api/npm/babylon-virtual-npm/json-stringify-safe/-/json-stringify-safe-5.0.1.tgz",
      "integrity": "sha1-Epai1Y/UXxmg9s4B1lcB4sc1tus="
    },
    "lodash": {
      "version": "4.17.15",
      "resolved": "https://artifactory.ops.babylontech.co.uk/artifactory/api/npm/babylon-virtual-npm/lodash/-/lodash-4.17.15.tgz",
      "integrity": "sha1-tEf2ZwoEVbv+7dETku/zMOoJdUg="
    },
    "minimist": {
      "version": "1.2.5",
      "resolved": "https://artifactory.ops.babylontech.co.uk/artifactory/api/npm/babylon-virtual-npm/minimist/-/minimist-1.2.5.tgz",
      "integrity": "sha1-Z9ZgFLZqaoqqDAg8X9WN9OTpdgI="
    },
    "ms": {
      "version": "2.0.0",
      "resolved": "https://artifactory.ops.babylontech.co.uk/artifactory/api/npm/babylon-virtual-npm/ms/-/ms-2.0.0.tgz",
      "integrity": "sha1-VgiurfwAvmwpAd9fmGF4jeDVl8g="
    },
    "ndjson": {
      "version": "1.5.0",
      "resolved": "https://artifactory.ops.babylontech.co.uk/artifactory/api/npm/babylon-virtual-npm/ndjson/-/ndjson-1.5.0.tgz",
      "integrity": "sha1-rmA7NrE0vOw0e0UkIrC/mNWDLsg=",
      "requires": {
        "json-stringify-safe": "^5.0.1",
        "minimist": "^1.2.0",
        "split2": "^2.1.0",
        "through2": "^2.0.3"
      }
    },
    "process-nextick-args": {
      "version": "2.0.1",
      "resolved": "https://artifactory.ops.babylontech.co.uk/artifactory/api/npm/babylon-virtual-npm/process-nextick-args/-/process-nextick-args-2.0.1.tgz",
      "integrity": "sha1-eCDZsWEgzFXKmud5JoCufbptf+I="
    },
    "readable-stream": {
      "version": "2.3.7",
      "resolved": "https://artifactory.ops.babylontech.co.uk/artifactory/api/npm/babylon-virtual-npm/readable-stream/-/readable-stream-2.3.7.tgz",
      "integrity": "sha1-Hsoc9xGu+BTAT2IlKjamL2yyO1c=",
      "requires": {
        "core-util-is": "~1.0.0",
        "inherits": "~2.0.3",
        "isarray": "~1.0.0",
        "process-nextick-args": "~2.0.0",
        "safe-buffer": "~5.1.1",
        "string_decoder": "~1.1.1",
        "util-deprecate": "~1.0.1"
      }
    },
    "safe-buffer": {
      "version": "5.1.2",
      "resolved": "https://artifactory.ops.babylontech.co.uk/artifactory/api/npm/babylon-virtual-npm/safe-buffer/-/safe-buffer-5.1.2.tgz",
      "integrity": "sha1-mR7GnSluAxN0fVm9/St0XDX4go0="
    },
    "semver": {
      "version": "5.7.1",
      "resolved": "https://artifactory.ops.babylontech.co.uk/artifactory/api/npm/babylon-virtual-npm/semver/-/semver-5.7.1.tgz",
      "integrity": "sha1-qVT5Ma66UI0we78Gnv8MAclhFvc="
    },
    "split2": {
      "version": "2.2.0",
      "resolved": "https://artifactory.ops.babylontech.co.uk/artifactory/api/npm/babylon-virtual-npm/split2/-/split2-2.2.0.tgz",
      "integrity": "sha1-GGsldbz4PoW30YRldWI47k7kJJM=",
      "requires": {
        "through2": "^2.0.2"
      }
    },
    "sprintf-js": {
      "version": "1.0.3",
      "resolved": "https://artifactory.ops.babylontech.co.uk/artifactory/api/npm/babylon-virtual-npm/sprintf-js/-/sprintf-js-1.0.3.tgz",
      "integrity": "sha1-BOaSb2YolTVPPdAVIDYzuFcpfiw="
    },
    "string-width": {
      "version": "4.2.0",
      "resolved": "https://artifactory.ops.babylontech.co.uk/artifactory/api/npm/babylon-virtual-npm/string-width/-/string-width-4.2.0.tgz",
      "integrity": "sha1-lSGCxGzHssMT0VluYjmSvRY7crU=",
      "requires": {
        "emoji-regex": "^8.0.0",
        "is-fullwidth-code-point": "^3.0.0",
        "strip-ansi": "^6.0.0"
      }
    },
    "string_decoder": {
      "version": "1.1.1",
      "resolved": "https://artifactory.ops.babylontech.co.uk/artifactory/api/npm/babylon-virtual-npm/string_decoder/-/string_decoder-1.1.1.tgz",
      "integrity": "sha1-nPFhG6YmhdcDCunkujQUnDrwP8g=",
      "requires": {
        "safe-buffer": "~5.1.0"
      }
    },
    "strip-ansi": {
      "version": "6.0.0",
      "resolved": "https://artifactory.ops.babylontech.co.uk/artifactory/api/npm/babylon-virtual-npm/strip-ansi/-/strip-ansi-6.0.0.tgz",
      "integrity": "sha1-CxVx3XZpzNTz4G4U7x7tJiJa5TI=",
      "requires": {
        "ansi-regex": "^5.0.0"
      }
    },
    "through2": {
      "version": "2.0.5",
      "resolved": "https://artifactory.ops.babylontech.co.uk/artifactory/api/npm/babylon-virtual-npm/through2/-/through2-2.0.5.tgz",
      "integrity": "sha1-AcHjnrMdB8t9A6lqcIIyYLIxMs0=",
      "requires": {
        "readable-stream": "~2.3.6",
        "xtend": "~4.0.1"
      }
    },
    "top-level-await": {
      "version": "1.1.0",
      "resolved": "https://artifactory.ops.babylontech.co.uk/artifactory/api/npm/babylon-virtual-npm/top-level-await/-/top-level-await-1.1.0.tgz",
      "integrity": "sha1-tnEFo5FgEnmyublDbC4K0Q9hruA=",
      "requires": {
        "semver": "^5.3.0"
      }
    },
    "util-deprecate": {
      "version": "1.0.2",
      "resolved": "https://artifactory.ops.babylontech.co.uk/artifactory/api/npm/babylon-virtual-npm/util-deprecate/-/util-deprecate-1.0.2.tgz",
      "integrity": "sha1-RQ1Nyfpw3nMnYvvS1KKJgUGaDM8="
    },
    "xtend": {
      "version": "4.0.2",
      "resolved": "https://artifactory.ops.babylontech.co.uk/artifactory/api/npm/babylon-virtual-npm/xtend/-/xtend-4.0.2.tgz",
      "integrity": "sha1-u3J3n1+kZRhrH0OPZ0+jR/2121Q="
    }
  }
}
